lockfileVersion: '9.0'

settings:
  autoInstallPeers: true
  excludeLinksFromLockfile: false

importers:

  .:
    dependencies:
      '@js-temporal/polyfill':
        specifier: ^0.5.0
        version: 0.5.1
      '@std/streams':
        specifier: jsr:^1.0.9
        version: '@jsr/std__streams@1.0.9'
    devDependencies:
      '@types/node':
        specifier: ^26.0.0
        version: 26.1.0
      typescript:
        specifier: 6.0.3
        version: 6.0.3

packages:

  '@js-temporal/polyfill@0.5.1':
    resolution: {integrity: sha512-hloP58zRVCRSpgDxmqCWJNlizAlUgJFqG2ypq79DCvyv9tHjRYMDOcPFjzfl/A1/YxDvRCZz8wvZvmapQnKwFQ==}
    engines: {node: '>=12'}

  '@jsr/std__bytes@1.0.5':
    resolution: {integrity: sha512-jcyXQSy5zAh2/6NLMWUkhJuQ0HihY5RwWF5RvpZyEmpmBaokkTwPkev0sqHzNJJvNusDUMznVBIclTT9augCkg==, tarball: https://npm.jsr.io/~/11/@jsr/std__bytes/1.0.5.tgz}

  '@jsr/std__streams@1.0.9':
    resolution: {integrity: sha512-nPkEijnOPwLQt6ZtvOajE6F2hCmRILaq0kR6I0JFVvxSsvhdeyFMGc8F4DqypCpfq/U+8umLcE0RNMcYdx4NlQ==, tarball: https://npm.jsr.io/~/11/@jsr/std__streams/1.0.9.tgz}

  '@types/node@26.1.0':
    resolution: {integrity: sha512-O0A1G3xPGy4w7AgQdAQYUlQ+BKk2Oovw8eRpofyp5KdBZULnbe+WqaOVNrm705SHphCiG4XHsACrSmPu1f+Kgw==}

  jsbi@4.3.2:
    resolution: {integrity: sha512-9fqMSQbhJykSeii05nxKl4m6Eqn2P6rOlYiS+C5Dr/HPIU/7yZxu5qzbs40tgaFORiw2Amd0mirjxatXYMkIew==}

  typescript@6.0.3:
    resolution: {integrity: sha512-y2TvuxSZPDyQakkFRPZHKFm+KKVqIisdg9/CZwm9ftvKXLP8NRWj38/ODjNbr43SsoXqNuAisEf1GdCxqWcdBw==}
    engines: {node: '>=14.17'}
    hasBin: true

  undici-types@8.3.0:
    resolution: {integrity: sha512-j375ScV60dom+YkPFIfTLcOiPxkN/buHz5GobjLhixFuANaNs3C9l4GmrWqejgXWJ7BbJcFYpTEUkS1Ge8bpZQ==}

snapshots:

  '@js-temporal/polyfill@0.5.1':
    dependencies:
      jsbi: 4.3.2

  '@jsr/std__bytes@1.0.5': {}

  '@jsr/std__streams@1.0.9':
    dependencies:
      '@jsr/std__bytes': 1.0.5

  '@types/node@26.1.0':
    dependencies:
      undici-types: 8.3.0

  jsbi@4.3.2: {}

  typescript@6.0.3: {}

  undici-types@8.3.0: {}
